
Microsoft Visual Studio Solution File, Format Version 12.00
# Visual Studio Version 16
VisualStudioVersion = 16.0.33027.164
MinimumVisualStudioVersion = 10.0.40219.1
Project("{8BC9CEB8-8B4A-11D0-8D11-00A0C91BC942}") = "Classes 3.0", "Classes 3.0.vcxproj", "{EEDD8AC4-1089-4AA8-B662-1A72FB120E2B}"
EndProject
Global
	GlobalSection(SolutionConfigurationPlatforms) = preSolution
		Debug|x64 = Debug|x64
		Debug|x86 = Debug|x86
		Release|x64 = Release|x64
		Release|x86 = Release|x86
	EndGlobalSection
	GlobalSection(ProjectConfigurationPlatforms) = postSolution
		{EEDD8AC4-1089-4AA8-B662-1A72FB120E2B}.Debug|x64.ActiveCfg = Debug|x64
		{EEDD8AC4-1089-4AA8-B662-1A72FB120E2B}.Debug|x64.Build.0 = Debug|x64
		{EEDD8AC4-1089-4AA8-B662-1A72FB120E2B}.Debug|x86.ActiveCfg = Debug|Win32
		{EEDD8AC4-1089-4AA8-B662-1A72FB120E2B}.Debug|x86.Build.0 = Debug|Win32
		{EEDD8AC4-1089-4AA8-B662-1A72FB120E2B}.Release|x64.ActiveCfg = Release|x64
		{EEDD8AC4-1089-4AA8-B662-1A72FB120E2B}.Release|x64.Build.0 = Release|x64
		{EEDD8AC4-1089-4AA8-B662-1A72FB120E2B}.Release|x86.ActiveCfg = Release|Win32
		{EEDD8AC4-1089-4AA8-B662-1A72FB120E2B}.Release|x86.Build.0 = Release|Win32
	EndGlobalSection
	GlobalSection(SolutionProperties) = preSolution
		HideSolutionNode = FALSE
	EndGlobalSection
	GlobalSection(ExtensibilityGlobals) = postSolution
		SolutionGuid = {819FF178-1BB8-41C0-9B40-D8D871D5061C}
	EndGlobalSection
EndGlobal
